
Microsoft Visual Studio Solution File, Format Version 12.00
# Visual Studio 15
VisualStudioVersion = 15.0.28307.539
MinimumVisualStudioVersion = 10.0.40219.1
Project("{FAE04EC0-301F-11D3-BF4B-00C04F79EFBC}") = "TrackerUI", "TrackerUI\TrackerUI.csproj", "{4690F676-A30E-4B9D-8715-3DDCF4BF31AC}"
EndProject
Project("{FAE04EC0-301F-11D3-BF4B-00C04F79EFBC}") = "TrakkerLibrary", "ClassLibrary1\TrakkerLibrary.csproj", "{F7F22258-BF89-44C5-B037-227584A3343E}"
EndProject
Global
	GlobalSection(SolutionConfigurationPlatforms) = preSolution
		Debug|Any CPU = Debug|Any CPU
		Release|Any CPU = Release|Any CPU
	EndGlobalSection
	GlobalSection(ProjectConfigurationPlatforms) = postSolution
		{4690F676-A30E-4B9D-8715-3DDCF4BF31AC}.Debug|Any CPU.ActiveCfg = Debug|Any CPU
		{4690F676-A30E-4B9D-8715-3DDCF4BF31AC}.Debug|Any CPU.Build.0 = Debug|Any CPU
		{4690F676-A30E-4B9D-8715-3DDCF4BF31AC}.Release|Any CPU.ActiveCfg = Release|Any CPU
		{4690F676-A30E-4B9D-8715-3DDCF4BF31AC}.Release|Any CPU.Build.0 = Release|Any CPU
		{F7F22258-BF89-44C5-B037-227584A3343E}.Debug|Any CPU.ActiveCfg = Debug|Any CPU
		{F7F22258-BF89-44C5-B037-227584A3343E}.Debug|Any CPU.Build.0 = Debug|Any CPU
		{F7F22258-BF89-44C5-B037-227584A3343E}.Release|Any CPU.ActiveCfg = Release|Any CPU
		{F7F22258-BF89-44C5-B037-227584A3343E}.Release|Any CPU.Build.0 = Release|Any CPU
	EndGlobalSection
	GlobalSection(SolutionProperties) = preSolution
		HideSolutionNode = FALSE
	EndGlobalSection
	GlobalSection(ExtensibilityGlobals) = postSolution
		SolutionGuid = {EF47ECEE-08FA-492D-B3F3-4DEBEF40561C}
	EndGlobalSection
EndGlobal
